{
  "nodes": {
    "nixpkgs": {
      "locked": {
        "lastModified": 1728868866,
        "narHash": "sha256-Q4LaKpRzpvXwl4/0WOy7GAhBxlye8L9eIDqoajhIWxA=",
        "owner": "NixOS",
        "repo": "nixpkgs",
        "rev": "889dd46a3cab1e69412b6e128fb36a3884a73ac5",
        "type": "github"
      },
      "original": {
        "owner": "NixOS",
        "repo": "nixpkgs",
        "type": "github"
      }
    },
    "root": {
      "inputs": {
        "nixpkgs": "nixpkgs"
      }
    }
  },
  "root": "root",
  "version": 7
}
